
Microsoft Visual Studio Solution File, Format Version 12.00
# Visual Studio 15
VisualStudioVersion = 15.0.28307.271
MinimumVisualStudioVersion = 10.0.40219.1
Project("{FAE04EC0-301F-11D3-BF4B-00C04F79EFBC}") = "Smoothlife", "Smoothlife\Smoothlife.csproj", "{BF18674E-9E72-48F3-916C-407A8F86BE43}"
EndProject
Global
	GlobalSection(SolutionConfigurationPlatforms) = preSolution
		Debug|Any CPU = Debug|Any CPU
		Release|Any CPU = Release|Any CPU
	EndGlobalSection
	GlobalSection(ProjectConfigurationPlatforms) = postSolution
		{BF18674E-9E72-48F3-916C-407A8F86BE43}.Debug|Any CPU.ActiveCfg = Debug|Any CPU
		{BF18674E-9E72-48F3-916C-407A8F86BE43}.Debug|Any CPU.Build.0 = Debug|Any CPU
		{BF18674E-9E72-48F3-916C-407A8F86BE43}.Release|Any CPU.ActiveCfg = Release|Any CPU
		{BF18674E-9E72-48F3-916C-407A8F86BE43}.Release|Any CPU.Build.0 = Release|Any CPU
	EndGlobalSection
	GlobalSection(SolutionProperties) = preSolution
		HideSolutionNode = FALSE
	EndGlobalSection
	GlobalSection(ExtensibilityGlobals) = postSolution
		SolutionGuid = {39D3AD9E-20A3-41D8-876A-66DA50B5CBBD}
	EndGlobalSection
EndGlobal
